// !$*UTF8*$!
{
	archiveVersion = 1;
	classes = {
	};
	objectVersion = 56;
	objects = {

/* Begin PBXBuildFile section */
		992007ED2C014D4000CD6CC8 /* Charts_Demo_4App.swift in Sources */ = {isa = PBXBuildFile; fileRef = 992007EC2C014D4000CD6CC8 /* Charts_Demo_4App.swift */; };
		992007EF2C014D4000CD6CC8 /* ContentView.swift in Sources */ = {isa = PBXBuildFile; fileRef = 992007EE2C014D4000CD6CC8 /* ContentView.swift */; };
		992007F12C014D4100CD6CC8 /* Assets.xcassets in Resources */ = {isa = PBXBuildFile; fileRef = 992007F02C014D4100CD6CC8 /* Assets.xcassets */; };
		992007F52C014D4100CD6CC8 /* Preview Assets.xcassets in Resources */ = {isa = PBXBuildFile; fileRef = 992007F42C014D4100CD6CC8 /* Preview Assets.xcassets */; };
		992008002C014E1000CD6CC8 /* Color Extensions.swift in Sources */ = {isa = PBXBuildFile; fileRef = 992007FF2C014E1000CD6CC8 /* Color Extensions.swift */; };
		992008042C014E2600CD6CC8 /* ColorfulButtonView.swift in Sources */ = {isa = PBXBuildFile; fileRef = 992008012C014E2600CD6CC8 /* ColorfulButtonView.swift */; };
		992008052C014E2600CD6CC8 /* RandomArcFromColorListView.swift in Sources */ = {isa = PBXBuildFile; fileRef = 992008022C014E2600CD6CC8 /* RandomArcFromColorListView.swift */; };
		992008062C014E2600CD6CC8 /* ArcView.swift in Sources */ = {isa = PBXBuildFile; fileRef = 992008032C014E2600CD6CC8 /* ArcView.swift */; };
		992008082C014E3600CD6CC8 /* Data File.swift in Sources */ = {isa = PBXBuildFile; fileRef = 992008072C014E3600CD6CC8 /* Data File.swift */; };
		992008142C014E8600CD6CC8 /* LineAreaChartHorizontalView.swift in Sources */ = {isa = PBXBuildFile; fileRef = 992008092C014E8600CD6CC8 /* LineAreaChartHorizontalView.swift */; };
		992008152C014E8600CD6CC8 /* AreaChartHorizontalView.swift in Sources */ = {isa = PBXBuildFile; fileRef = 9920080A2C014E8600CD6CC8 /* AreaChartHorizontalView.swift */; };
		992008162C014E8600CD6CC8 /* SimpleTitleButtonView.swift in Sources */ = {isa = PBXBuildFile; fileRef = 9920080B2C014E8600CD6CC8 /* SimpleTitleButtonView.swift */; };
		992008172C014E8600CD6CC8 /* LeftChartButtonsView.swift in Sources */ = {isa = PBXBuildFile; fileRef = 9920080C2C014E8600CD6CC8 /* LeftChartButtonsView.swift */; };
		992008182C014E8600CD6CC8 /* LineAreaChartVerticalView.swift in Sources */ = {isa = PBXBuildFile; fileRef = 9920080D2C014E8600CD6CC8 /* LineAreaChartVerticalView.swift */; };
		992008192C014E8600CD6CC8 /* BarChartVerticalView.swift in Sources */ = {isa = PBXBuildFile; fileRef = 9920080E2C014E8600CD6CC8 /* BarChartVerticalView.swift */; };
		9920081A2C014E8600CD6CC8 /* RightChartButtonsView.swift in Sources */ = {isa = PBXBuildFile; fileRef = 9920080F2C014E8600CD6CC8 /* RightChartButtonsView.swift */; };
		9920081B2C014E8600CD6CC8 /* BarChartHorizontalView.swift in Sources */ = {isa = PBXBuildFile; fileRef = 992008102C014E8600CD6CC8 /* BarChartHorizontalView.swift */; };
		9920081C2C014E8600CD6CC8 /* TitleAlignmentButton.swift in Sources */ = {isa = PBXBuildFile; fileRef = 992008112C014E8600CD6CC8 /* TitleAlignmentButton.swift */; };
		9920081D2C014E8600CD6CC8 /* AreaChartVerticalView.swift in Sources */ = {isa = PBXBuildFile; fileRef = 992008122C014E8600CD6CC8 /* AreaChartVerticalView.swift */; };
		9920081E2C014E8600CD6CC8 /* RuleMarkForVerticalView.swift in Sources */ = {isa = PBXBuildFile; fileRef = 992008132C014E8600CD6CC8 /* RuleMarkForVerticalView.swift */; };
		992008202C014F1000CD6CC8 /* ChartItem.swift in Sources */ = {isa = PBXBuildFile; fileRef = 9920081F2C014F1000CD6CC8 /* ChartItem.swift */; };
		992008222C0154D100CD6CC8 /* RuleMarkForHorizontalView.swift in Sources */ = {isa = PBXBuildFile; fileRef = 992008212C0154D100CD6CC8 /* RuleMarkForHorizontalView.swift */; };
		992008242C03B4E500CD6CC8 /* Annotate Line Area Graph.swift in Sources */ = {isa = PBXBuildFile; fileRef = 992008232C03B4E500CD6CC8 /* Annotate Line Area Graph.swift */; };
		992008262C03B87B00CD6CC8 /* ChartDragForHorizontalView.swift in Sources */ = {isa = PBXBuildFile; fileRef = 992008252C03B87B00CD6CC8 /* ChartDragForHorizontalView.swift */; };
		992008282C03BEE600CD6CC8 /* ChartDragForVerticalView.swift in Sources */ = {isa = PBXBuildFile; fileRef = 992008272C03BEE600CD6CC8 /* ChartDragForVerticalView.swift */; };
		9920082B2C041EA800CD6CC8 /* MainViewWithTitleAndBorder.swift in Sources */ = {isa = PBXBuildFile; fileRef = 9920082A2C041EA800CD6CC8 /* MainViewWithTitleAndBorder.swift */; };
		9920082D2C04FB5E00CD6CC8 /* Default Colors.swift in Sources */ = {isa = PBXBuildFile; fileRef = 9920082C2C04FB5E00CD6CC8 /* Default Colors.swift */; };
		992008332C05357300CD6CC8 /* PieChartView.swift in Sources */ = {isa = PBXBuildFile; fileRef = 992008322C05357300CD6CC8 /* PieChartView.swift */; };
		99DEEB382C08060600AC3213 /* ChartEditForPieChartView.swift in Sources */ = {isa = PBXBuildFile; fileRef = 99DEEB372C08060600AC3213 /* ChartEditForPieChartView.swift */; };
		99DEEB3A2C08C62C00AC3213 /* ChartDragForPieView.swift in Sources */ = {isa = PBXBuildFile; fileRef = 99DEEB392C08C62C00AC3213 /* ChartDragForPieView.swift */; };
/* End PBXBuildFile section */

/* Begin PBXFileReference section */
		992007E92C014D4000CD6CC8 /* Charts Demo 4.app */ = {isa = PBXFileReference; explicitFileType = wrapper.application; includeInIndex = 0; path = "Charts Demo 4.app"; sourceTree = BUILT_PRODUCTS_DIR; };
		992007EC2C014D4000CD6CC8 /* Charts_Demo_4App.swift */ = {isa = PBXFileReference; lastKnownFileType = sourcecode.swift; path = Charts_Demo_4App.swift; sourceTree = "<group>"; };
		992007EE2C014D4000CD6CC8 /* ContentView.swift */ = {isa = PBXFileReference; lastKnownFileType = sourcecode.swift; path = ContentView.swift; sourceTree = "<group>"; };
		992007F02C014D4100CD6CC8 /* Assets.xcassets */ = {isa = PBXFileReference; lastKnownFileType = folder.assetcatalog; path = Assets.xcassets; sourceTree = "<group>"; };
		992007F22C014D4100CD6CC8 /* Charts_Demo_4.entitlements */ = {isa = PBXFileReference; lastKnownFileType = text.plist.entitlements; path = Charts_Demo_4.entitlements; sourceTree = "<group>"; };
		992007F42C014D4100CD6CC8 /* Preview Assets.xcassets */ = {isa = PBXFileReference; lastKnownFileType = folder.assetcatalog; path = "Preview Assets.xcassets"; sourceTree = "<group>"; };
		992007FF2C014E1000CD6CC8 /* Color Extensions.swift */ = {isa = PBXFileReference; fileEncoding = 4; lastKnownFileType = sourcecode.swift; path = "Color Extensions.swift"; sourceTree = "<group>"; };
		992008012C014E2600CD6CC8 /* ColorfulButtonView.swift */ = {isa = PBXFileReference; fileEncoding = 4; lastKnownFileType = sourcecode.swift; path = ColorfulButtonView.swift; sourceTree = "<group>"; };
		992008022C014E2600CD6CC8 /* RandomArcFromColorListView.swift */ = {isa = PBXFileReference; fileEncoding = 4; lastKnownFileType = sourcecode.swift; path = RandomArcFromColorListView.swift; sourceTree = "<group>"; };
		992008032C014E2600CD6CC8 /* ArcView.swift */ = {isa = PBXFileReference; fileEncoding = 4; lastKnownFileType = sourcecode.swift; path = ArcView.swift; sourceTree = "<group>"; };
		992008072C014E3600CD6CC8 /* Data File.swift */ = {isa = PBXFileReference; fileEncoding = 4; lastKnownFileType = sourcecode.swift; path = "Data File.swift"; sourceTree = "<group>"; };
		992008092C014E8600CD6CC8 /* LineAreaChartHorizontalView.swift */ = {isa = PBXFileReference; fileEncoding = 4; lastKnownFileType = sourcecode.swift; path = LineAreaChartHorizontalView.swift; sourceTree = "<group>"; };
		9920080A2C014E8600CD6CC8 /* AreaChartHorizontalView.swift */ = {isa = PBXFileReference; fileEncoding = 4; lastKnownFileType = sourcecode.swift; path = AreaChartHorizontalView.swift; sourceTree = "<group>"; };
		9920080B2C014E8600CD6CC8 /* SimpleTitleButtonView.swift */ = {isa = PBXFileReference; fileEncoding = 4; lastKnownFileType = sourcecode.swift; path = SimpleTitleButtonView.swift; sourceTree = "<group>"; };
		9920080C2C014E8600CD6CC8 /* LeftChartButtonsView.swift */ = {isa = PBXFileReference; fileEncoding = 4; lastKnownFileType = sourcecode.swift; path = LeftChartButtonsView.swift; sourceTree = "<group>"; };
		9920080D2C014E8600CD6CC8 /* LineAreaChartVerticalView.swift */ = {isa = PBXFileReference; fileEncoding = 4; lastKnownFileType = sourcecode.swift; path = LineAreaChartVerticalView.swift; sourceTree = "<group>"; };
		9920080E2C014E8600CD6CC8 /* BarChartVerticalView.swift */ = {isa = PBXFileReference; fileEncoding = 4; lastKnownFileType = sourcecode.swift; path = BarChartVerticalView.swift; sourceTree = "<group>"; };
		9920080F2C014E8600CD6CC8 /* RightChartButtonsView.swift */ = {isa = PBXFileReference; fileEncoding = 4; lastKnownFileType = sourcecode.swift; path = RightChartButtonsView.swift; sourceTree = "<group>"; };
		992008102C014E8600CD6CC8 /* BarChartHorizontalView.swift */ = {isa = PBXFileReference; fileEncoding = 4; lastKnownFileType = sourcecode.swift; path = BarChartHorizontalView.swift; sourceTree = "<group>"; };
		992008112C014E8600CD6CC8 /* TitleAlignmentButton.swift */ = {isa = PBXFileReference; fileEncoding = 4; lastKnownFileType = sourcecode.swift; path = TitleAlignmentButton.swift; sourceTree = "<group>"; };
		992008122C014E8600CD6CC8 /* AreaChartVerticalView.swift */ = {isa = PBXFileReference; fileEncoding = 4; lastKnownFileType = sourcecode.swift; path = AreaChartVerticalView.swift; sourceTree = "<group>"; };
		992008132C014E8600CD6CC8 /* RuleMarkForVerticalView.swift */ = {isa = PBXFileReference; fileEncoding = 4; lastKnownFileType = sourcecode.swift; path = RuleMarkForVerticalView.swift; sourceTree = "<group>"; };
		9920081F2C014F1000CD6CC8 /* ChartItem.swift */ = {isa = PBXFileReference; fileEncoding = 4; lastKnownFileType = sourcecode.swift; path = ChartItem.swift; sourceTree = "<group>"; };
		992008212C0154D100CD6CC8 /* RuleMarkForHorizontalView.swift */ = {isa = PBXFileReference; lastKnownFileType = sourcecode.swift; path = RuleMarkForHorizontalView.swift; sourceTree = "<group>"; };
		992008232C03B4E500CD6CC8 /* Annotate Line Area Graph.swift */ = {isa = PBXFileReference; lastKnownFileType = sourcecode.swift; path = "Annotate Line Area Graph.swift"; sourceTree = "<group>"; };
		992008252C03B87B00CD6CC8 /* ChartDragForHorizontalView.swift */ = {isa = PBXFileReference; lastKnownFileType = sourcecode.swift; path = ChartDragForHorizontalView.swift; sourceTree = "<group>"; };
		992008272C03BEE600CD6CC8 /* ChartDragForVerticalView.swift */ = {isa = PBXFileReference; lastKnownFileType = sourcecode.swift; path = ChartDragForVerticalView.swift; sourceTree = "<group>"; };
		9920082A2C041EA800CD6CC8 /* MainViewWithTitleAndBorder.swift */ = {isa = PBXFileReference; lastKnownFileType = sourcecode.swift; path = MainViewWithTitleAndBorder.swift; sourceTree = "<group>"; };
		9920082C2C04FB5E00CD6CC8 /* Default Colors.swift */ = {isa = PBXFileReference; lastKnownFileType = sourcecode.swift; path = "Default Colors.swift"; sourceTree = "<group>"; };
		992008322C05357300CD6CC8 /* PieChartView.swift */ = {isa = PBXFileReference; lastKnownFileType = sourcecode.swift; path = PieChartView.swift; sourceTree = "<group>"; };
		99DEEB372C08060600AC3213 /* ChartEditForPieChartView.swift */ = {isa = PBXFileReference; lastKnownFileType = sourcecode.swift; path = ChartEditForPieChartView.swift; sourceTree = "<group>"; };
		99DEEB392C08C62C00AC3213 /* ChartDragForPieView.swift */ = {isa = PBXFileReference; lastKnownFileType = sourcecode.swift; path = ChartDragForPieView.swift; sourceTree = "<group>"; };
/* End PBXFileReference section */

/* Begin PBXFrameworksBuildPhase section */
		992007E62C014D4000CD6CC8 /* Frameworks */ = {
			isa = PBXFrameworksBuildPhase;
			buildActionMask = 2147483647;
			files = (
			);
			runOnlyForDeploymentPostprocessing = 0;
		};
/* End PBXFrameworksBuildPhase section */

/* Begin PBXGroup section */
		992007E02C014D4000CD6CC8 = {
			isa = PBXGroup;
			children = (
				992007EB2C014D4000CD6CC8 /* Charts Demo 4 */,
				992007EA2C014D4000CD6CC8 /* Products */,
			);
			sourceTree = "<group>";
		};
		992007EA2C014D4000CD6CC8 /* Products */ = {
			isa = PBXGroup;
			children = (
				992007E92C014D4000CD6CC8 /* Charts Demo 4.app */,
			);
			name = Products;
			sourceTree = "<group>";
		};
		992007EB2C014D4000CD6CC8 /* Charts Demo 4 */ = {
			isa = PBXGroup;
			children = (
				992008292C041DE500CD6CC8 /* Main Views */,
				992007FE2C014D9700CD6CC8 /* ChartViews */,
				9920082E2C04FCB100CD6CC8 /* Buttons */,
				992007FC2C014D7600CD6CC8 /* Color Button */,
				992008312C052C8F00CD6CC8 /* RuleMark Views */,
				992008302C04FDA300CD6CC8 /* Default Values */,
				9920082F2C04FD4C00CD6CC8 /* Chart Item Model */,
				992007FB2C014D6700CD6CC8 /* Extensions */,
				992007FD2C014D8600CD6CC8 /* Data */,
				992007F02C014D4100CD6CC8 /* Assets.xcassets */,
				992007F22C014D4100CD6CC8 /* Charts_Demo_4.entitlements */,
				992007F32C014D4100CD6CC8 /* Preview Content */,
			);
			path = "Charts Demo 4";
			sourceTree = "<group>";
		};
		992007F32C014D4100CD6CC8 /* Preview Content */ = {
			isa = PBXGroup;
			children = (
				992007F42C014D4100CD6CC8 /* Preview Assets.xcassets */,
			);
			path = "Preview Content";
			sourceTree = "<group>";
		};
		992007FB2C014D6700CD6CC8 /* Extensions */ = {
			isa = PBXGroup;
			children = (
				992007FF2C014E1000CD6CC8 /* Color Extensions.swift */,
			);
			path = Extensions;
			sourceTree = "<group>";
		};
		992007FC2C014D7600CD6CC8 /* Color Button */ = {
			isa = PBXGroup;
			children = (
				992008032C014E2600CD6CC8 /* ArcView.swift */,
				992008012C014E2600CD6CC8 /* ColorfulButtonView.swift */,
				992008022C014E2600CD6CC8 /* RandomArcFromColorListView.swift */,
			);
			path = "Color Button";
			sourceTree = "<group>";
		};
		992007FD2C014D8600CD6CC8 /* Data */ = {
			isa = PBXGroup;
			children = (
				992008072C014E3600CD6CC8 /* Data File.swift */,
			);
			path = Data;
			sourceTree = "<group>";
		};
		992007FE2C014D9700CD6CC8 /* ChartViews */ = {
			isa = PBXGroup;
			children = (
				9920080A2C014E8600CD6CC8 /* AreaChartHorizontalView.swift */,
				992008122C014E8600CD6CC8 /* AreaChartVerticalView.swift */,
				992008102C014E8600CD6CC8 /* BarChartHorizontalView.swift */,
				9920080E2C014E8600CD6CC8 /* BarChartVerticalView.swift */,
				992008092C014E8600CD6CC8 /* LineAreaChartHorizontalView.swift */,
				9920080D2C014E8600CD6CC8 /* LineAreaChartVerticalView.swift */,
				992008232C03B4E500CD6CC8 /* Annotate Line Area Graph.swift */,
				992008252C03B87B00CD6CC8 /* ChartDragForHorizontalView.swift */,
				992008272C03BEE600CD6CC8 /* ChartDragForVerticalView.swift */,
				992008322C05357300CD6CC8 /* PieChartView.swift */,
				99DEEB372C08060600AC3213 /* ChartEditForPieChartView.swift */,
				99DEEB392C08C62C00AC3213 /* ChartDragForPieView.swift */,
			);
			path = ChartViews;
			sourceTree = "<group>";
		};
		992008292C041DE500CD6CC8 /* Main Views */ = {
			isa = PBXGroup;
			children = (
				992007EC2C014D4000CD6CC8 /* Charts_Demo_4App.swift */,
				992007EE2C014D4000CD6CC8 /* ContentView.swift */,
				9920082A2C041EA800CD6CC8 /* MainViewWithTitleAndBorder.swift */,
			);
			path = "Main Views";
			sourceTree = "<group>";
		};
		9920082E2C04FCB100CD6CC8 /* Buttons */ = {
			isa = PBXGroup;
			children = (
				9920080B2C014E8600CD6CC8 /* SimpleTitleButtonView.swift */,
				992008112C014E8600CD6CC8 /* TitleAlignmentButton.swift */,
				9920080F2C014E8600CD6CC8 /* RightChartButtonsView.swift */,
				9920080C2C014E8600CD6CC8 /* LeftChartButtonsView.swift */,
			);
			path = Buttons;
			sourceTree = "<group>";
		};
		9920082F2C04FD4C00CD6CC8 /* Chart Item Model */ = {
			isa = PBXGroup;
			children = (
				9920081F2C014F1000CD6CC8 /* ChartItem.swift */,
			);
			path = "Chart Item Model";
			sourceTree = "<group>";
		};
		992008302C04FDA300CD6CC8 /* Default Values */ = {
			isa = PBXGroup;
			children = (
				9920082C2C04FB5E00CD6CC8 /* Default Colors.swift */,
			);
			path = "Default Values";
			sourceTree = "<group>";
		};
		992008312C052C8F00CD6CC8 /* RuleMark Views */ = {
			isa = PBXGroup;
			children = (
				992008212C0154D100CD6CC8 /* RuleMarkForHorizontalView.swift */,
				992008132C014E8600CD6CC8 /* RuleMarkForVerticalView.swift */,
			);
			path = "RuleMark Views";
			sourceTree = "<group>";
		};
/* End PBXGroup section */

/* Begin PBXNativeTarget section */
		992007E82C014D4000CD6CC8 /* Charts Demo 4 */ = {
			isa = PBXNativeTarget;
			buildConfigurationList = 992007F82C014D4100CD6CC8 /* Build configuration list for PBXNativeTarget "Charts Demo 4" */;
			buildPhases = (
				992007E52C014D4000CD6CC8 /* Sources */,
				992007E62C014D4000CD6CC8 /* Frameworks */,
				992007E72C014D4000CD6CC8 /* Resources */,
			);
			buildRules = (
			);
			dependencies = (
			);
			name = "Charts Demo 4";
			productName = "Charts Demo 4";
			productReference = 992007E92C014D4000CD6CC8 /* Charts Demo 4.app */;
			productType = "com.apple.product-type.application";
		};
/* End PBXNativeTarget section */

/* Begin PBXProject section */
		992007E12C014D4000CD6CC8 /* Project object */ = {
			isa = PBXProject;
			attributes = {
				BuildIndependentTargetsInParallel = 1;
				LastSwiftUpdateCheck = 1540;
				LastUpgradeCheck = 1540;
				TargetAttributes = {
					992007E82C014D4000CD6CC8 = {
						CreatedOnToolsVersion = 15.4;
					};
				};
			};
			buildConfigurationList = 992007E42C014D4000CD6CC8 /* Build configuration list for PBXProject "Charts Demo 4" */;
			compatibilityVersion = "Xcode 14.0";
			developmentRegion = en;
			hasScannedForEncodings = 0;
			knownRegions = (
				en,
				Base,
			);
			mainGroup = 992007E02C014D4000CD6CC8;
			productRefGroup = 992007EA2C014D4000CD6CC8 /* Products */;
			projectDirPath = "";
			projectRoot = "";
			targets = (
				992007E82C014D4000CD6CC8 /* Charts Demo 4 */,
			);
		};
/* End PBXProject section */

/* Begin PBXResourcesBuildPhase section */
		992007E72C014D4000CD6CC8 /* Resources */ = {
			isa = PBXResourcesBuildPhase;
			buildActionMask = 2147483647;
			files = (
				992007F52C014D4100CD6CC8 /* Preview Assets.xcassets in Resources */,
				992007F12C014D4100CD6CC8 /* Assets.xcassets in Resources */,
			);
			runOnlyForDeploymentPostprocessing = 0;
		};
/* End PBXResourcesBuildPhase section */

/* Begin PBXSourcesBuildPhase section */
		992007E52C014D4000CD6CC8 /* Sources */ = {
			isa = PBXSourcesBuildPhase;
			buildActionMask = 2147483647;
			files = (
				992008192C014E8600CD6CC8 /* BarChartVerticalView.swift in Sources */,
				992008042C014E2600CD6CC8 /* ColorfulButtonView.swift in Sources */,
				992008332C05357300CD6CC8 /* PieChartView.swift in Sources */,
				992008202C014F1000CD6CC8 /* ChartItem.swift in Sources */,
				9920081C2C014E8600CD6CC8 /* TitleAlignmentButton.swift in Sources */,
				992008172C014E8600CD6CC8 /* LeftChartButtonsView.swift in Sources */,
				992008222C0154D100CD6CC8 /* RuleMarkForHorizontalView.swift in Sources */,
				99DEEB382C08060600AC3213 /* ChartEditForPieChartView.swift in Sources */,
				99DEEB3A2C08C62C00AC3213 /* ChartDragForPieView.swift in Sources */,
				992008162C014E8600CD6CC8 /* SimpleTitleButtonView.swift in Sources */,
				992008242C03B4E500CD6CC8 /* Annotate Line Area Graph.swift in Sources */,
				992008052C014E2600CD6CC8 /* RandomArcFromColorListView.swift in Sources */,
				992008152C014E8600CD6CC8 /* AreaChartHorizontalView.swift in Sources */,
				992007EF2C014D4000CD6CC8 /* ContentView.swift in Sources */,
				992008082C014E3600CD6CC8 /* Data File.swift in Sources */,
				9920082B2C041EA800CD6CC8 /* MainViewWithTitleAndBorder.swift in Sources */,
				992008062C014E2600CD6CC8 /* ArcView.swift in Sources */,
				992007ED2C014D4000CD6CC8 /* Charts_Demo_4App.swift in Sources */,
				9920082D2C04FB5E00CD6CC8 /* Default Colors.swift in Sources */,
				992008182C014E8600CD6CC8 /* LineAreaChartVerticalView.swift in Sources */,
				992008002C014E1000CD6CC8 /* Color Extensions.swift in Sources */,
				9920081E2C014E8600CD6CC8 /* RuleMarkForVerticalView.swift in Sources */,
				9920081B2C014E8600CD6CC8 /* BarChartHorizontalView.swift in Sources */,
				9920081A2C014E8600CD6CC8 /* RightChartButtonsView.swift in Sources */,
				9920081D2C014E8600CD6CC8 /* AreaChartVerticalView.swift in Sources */,
				992008262C03B87B00CD6CC8 /* ChartDragForHorizontalView.swift in Sources */,
				992008282C03BEE600CD6CC8 /* ChartDragForVerticalView.swift in Sources */,
				992008142C014E8600CD6CC8 /* LineAreaChartHorizontalView.swift in Sources */,
			);
			runOnlyForDeploymentPostprocessing = 0;
		};
/* End PBXSourcesBuildPhase section */

/* Begin XCBuildConfiguration section */
		992007F62C014D4100CD6CC8 /* Debug */ = {
			isa = XCBuildConfiguration;
			buildSettings = {
				ALWAYS_SEARCH_USER_PATHS = NO;
				ASSETCATALOG_COMPILER_GENERATE_SWIFT_ASSET_SYMBOL_EXTENSIONS = YES;
				CLANG_ANALYZER_NONNULL = YES;
				CLANG_ANALYZER_NUMBER_OBJECT_CONVERSION = YES_AGGRESSIVE;
				CLANG_CXX_LANGUAGE_STANDARD = "gnu++20";
				CLANG_ENABLE_MODULES = YES;
				CLANG_ENABLE_OBJC_ARC = YES;
				CLANG_ENABLE_OBJC_WEAK = YES;
				CLANG_WARN_BLOCK_CAPTURE_AUTORELEASING = YES;
				CLANG_WARN_BOOL_CONVERSION = YES;
				CLANG_WARN_COMMA = YES;
				CLANG_WARN_CONSTANT_CONVERSION = YES;
				CLANG_WARN_DEPRECATED_OBJC_IMPLEMENTATIONS = YES;
				CLANG_WARN_DIRECT_OBJC_ISA_USAGE = YES_ERROR;
				CLANG_WARN_DOCUMENTATION_COMMENTS = YES;
				CLANG_WARN_EMPTY_BODY = YES;
				CLANG_WARN_ENUM_CONVERSION = YES;
				CLANG_WARN_INFINITE_RECURSION = YES;
				CLANG_WARN_INT_CONVERSION = YES;
				CLANG_WARN_NON_LITERAL_NULL_CONVERSION = YES;
				CLANG_WARN_OBJC_IMPLICIT_RETAIN_SELF = YES;
				CLANG_WARN_OBJC_LITERAL_CONVERSION = YES;
				CLANG_WARN_OBJC_ROOT_CLASS = YES_ERROR;
				CLANG_WARN_QUOTED_INCLUDE_IN_FRAMEWORK_HEADER = YES;
				CLANG_WARN_RANGE_LOOP_ANALYSIS = YES;
				CLANG_WARN_STRICT_PROTOTYPES = YES;
				CLANG_WARN_SUSPICIOUS_MOVE = YES;
				CLANG_WARN_UNGUARDED_AVAILABILITY = YES_AGGRESSIVE;
				CLANG_WARN_UNREACHABLE_CODE = YES;
				CLANG_WARN__DUPLICATE_METHOD_MATCH = YES;
				COPY_PHASE_STRIP = NO;
				DEBUG_INFORMATION_FORMAT = dwarf;
				ENABLE_STRICT_OBJC_MSGSEND = YES;
				ENABLE_TESTABILITY = YES;
				ENABLE_USER_SCRIPT_SANDBOXING = YES;
				GCC_C_LANGUAGE_STANDARD = gnu17;
				GCC_DYNAMIC_NO_PIC = NO;
				GCC_NO_COMMON_BLOCKS = YES;
				GCC_OPTIMIZATION_LEVEL = 0;
				GCC_PREPROCESSOR_DEFINITIONS = (
					"DEBUG=1",
					"$(inherited)",
				);
				GCC_WARN_64_TO_32_BIT_CONVERSION = YES;
				GCC_WARN_ABOUT_RETURN_TYPE = YES_ERROR;
				GCC_WARN_UNDECLARED_SELECTOR = YES;
				GCC_WARN_UNINITIALIZED_AUTOS = YES_AGGRESSIVE;
				GCC_WARN_UNUSED_FUNCTION = YES;
				GCC_WARN_UNUSED_VARIABLE = YES;
				LOCALIZATION_PREFERS_STRING_CATALOGS = YES;
				MTL_ENABLE_DEBUG_INFO = INCLUDE_SOURCE;
				MTL_FAST_MATH = YES;
				ONLY_ACTIVE_ARCH = YES;
				SWIFT_ACTIVE_COMPILATION_CONDITIONS = "DEBUG $(inherited)";
				SWIFT_OPTIMIZATION_LEVEL = "-Onone";
			};
			name = Debug;
		};
		992007F72C014D4100CD6CC8 /* Release */ = {
			isa = XCBuildConfiguration;
			buildSettings = {
				ALWAYS_SEARCH_USER_PATHS = NO;
				ASSETCATALOG_COMPILER_GENERATE_SWIFT_ASSET_SYMBOL_EXTENSIONS = YES;
				CLANG_ANALYZER_NONNULL = YES;
				CLANG_ANALYZER_NUMBER_OBJECT_CONVERSION = YES_AGGRESSIVE;
				CLANG_CXX_LANGUAGE_STANDARD = "gnu++20";
				CLANG_ENABLE_MODULES = YES;
				CLANG_ENABLE_OBJC_ARC = YES;
				CLANG_ENABLE_OBJC_WEAK = YES;
				CLANG_WARN_BLOCK_CAPTURE_AUTORELEASING = YES;
				CLANG_WARN_BOOL_CONVERSION = YES;
				CLANG_WARN_COMMA = YES;
				CLANG_WARN_CONSTANT_CONVERSION = YES;
				CLANG_WARN_DEPRECATED_OBJC_IMPLEMENTATIONS = YES;
				CLANG_WARN_DIRECT_OBJC_ISA_USAGE = YES_ERROR;
				CLANG_WARN_DOCUMENTATION_COMMENTS = YES;
				CLANG_WARN_EMPTY_BODY = YES;
				CLANG_WARN_ENUM_CONVERSION = YES;
				CLANG_WARN_INFINITE_RECURSION = YES;
				CLANG_WARN_INT_CONVERSION = YES;
				CLANG_WARN_NON_LITERAL_NULL_CONVERSION = YES;
				CLANG_WARN_OBJC_IMPLICIT_RETAIN_SELF = YES;
				CLANG_WARN_OBJC_LITERAL_CONVERSION = YES;
				CLANG_WARN_OBJC_ROOT_CLASS = YES_ERROR;
				CLANG_WARN_QUOTED_INCLUDE_IN_FRAMEWORK_HEADER = YES;
				CLANG_WARN_RANGE_LOOP_ANALYSIS = YES;
				CLANG_WARN_STRICT_PROTOTYPES = YES;
				CLANG_WARN_SUSPICIOUS_MOVE = YES;
				CLANG_WARN_UNGUARDED_AVAILABILITY = YES_AGGRESSIVE;
				CLANG_WARN_UNREACHABLE_CODE = YES;
				CLANG_WARN__DUPLICATE_METHOD_MATCH = YES;
				COPY_PHASE_STRIP = NO;
				DEBUG_INFORMATION_FORMAT = "dwarf-with-dsym";
				ENABLE_NS_ASSERTIONS = NO;
				ENABLE_STRICT_OBJC_MSGSEND = YES;
				ENABLE_USER_SCRIPT_SANDBOXING = YES;
				GCC_C_LANGUAGE_STANDARD = gnu17;
				GCC_NO_COMMON_BLOCKS = YES;
				GCC_WARN_64_TO_32_BIT_CONVERSION = YES;
				GCC_WARN_ABOUT_RETURN_TYPE = YES_ERROR;
				GCC_WARN_UNDECLARED_SELECTOR = YES;
				GCC_WARN_UNINITIALIZED_AUTOS = YES_AGGRESSIVE;
				GCC_WARN_UNUSED_FUNCTION = YES;
				GCC_WARN_UNUSED_VARIABLE = YES;
				LOCALIZATION_PREFERS_STRING_CATALOGS = YES;
				MTL_ENABLE_DEBUG_INFO = NO;
				MTL_FAST_MATH = YES;
				SWIFT_COMPILATION_MODE = wholemodule;
			};
			name = Release;
		};
		992007F92C014D4100CD6CC8 /* Debug */ = {
			isa = XCBuildConfiguration;
			buildSettings = {
				ASSETCATALOG_COMPILER_APPICON_NAME = AppIcon;
				ASSETCATALOG_COMPILER_GLOBAL_ACCENT_COLOR_NAME = AccentColor;
				CODE_SIGN_ENTITLEMENTS = "Charts Demo 4/Charts_Demo_4.entitlements";
				CODE_SIGN_STYLE = Automatic;
				CURRENT_PROJECT_VERSION = 1;
				DEVELOPMENT_ASSET_PATHS = "\"Charts Demo 4/Preview Content\"";
				DEVELOPMENT_TEAM = N5LSX666G9;
				ENABLE_HARDENED_RUNTIME = YES;
				ENABLE_PREVIEWS = YES;
				GENERATE_INFOPLIST_FILE = YES;
				"INFOPLIST_KEY_UIApplicationSceneManifest_Generation[sdk=iphoneos*]" = YES;
				"INFOPLIST_KEY_UIApplicationSceneManifest_Generation[sdk=iphonesimulator*]" = YES;
				"INFOPLIST_KEY_UIApplicationSupportsIndirectInputEvents[sdk=iphoneos*]" = YES;
				"INFOPLIST_KEY_UIApplicationSupportsIndirectInputEvents[sdk=iphonesimulator*]" = YES;
				"INFOPLIST_KEY_UILaunchScreen_Generation[sdk=iphoneos*]" = YES;
				"INFOPLIST_KEY_UILaunchScreen_Generation[sdk=iphonesimulator*]" = YES;
				"INFOPLIST_KEY_UIStatusBarStyle[sdk=iphoneos*]" = UIStatusBarStyleDefault;
				"INFOPLIST_KEY_UIStatusBarStyle[sdk=iphonesimulator*]" = UIStatusBarStyleDefault;
				INFOPLIST_KEY_UISupportedInterfaceOrientations = "UIInterfaceOrientationLandscapeLeft UIInterfaceOrientationLandscapeRight";
				INFOPLIST_KEY_UISupportedInterfaceOrientations_iPad = "UIInterfaceOrientationLandscapeLeft UIInterfaceOrientationLandscapeRight UIInterfaceOrientationPortrait UIInterfaceOrientationPortraitUpsideDown";
				IPHONEOS_DEPLOYMENT_TARGET = 17.5;
				LD_RUNPATH_SEARCH_PATHS = "@executable_path/Frameworks";
				"LD_RUNPATH_SEARCH_PATHS[sdk=macosx*]" = "@executable_path/../Frameworks";
				MACOSX_DEPLOYMENT_TARGET = 14.5;
				MARKETING_VERSION = 1.0;
				PRODUCT_BUNDLE_IDENTIFIER = "com.michealknych.Charts-Demo-4";
				PRODUCT_NAME = "$(TARGET_NAME)";
				SDKROOT = auto;
				SUPPORTED_PLATFORMS = "iphoneos iphonesimulator macosx";
				SWIFT_EMIT_LOC_STRINGS = YES;
				SWIFT_VERSION = 5.0;
				TARGETED_DEVICE_FAMILY = "1,2";
			};
			name = Debug;
		};
		992007FA2C014D4100CD6CC8 /* Release */ = {
			isa = XCBuildConfiguration;
			buildSettings = {
				ASSETCATALOG_COMPILER_APPICON_NAME = AppIcon;
				ASSETCATALOG_COMPILER_GLOBAL_ACCENT_COLOR_NAME = AccentColor;
				CODE_SIGN_ENTITLEMENTS = "Charts Demo 4/Charts_Demo_4.entitlements";
				CODE_SIGN_STYLE = Automatic;
				CURRENT_PROJECT_VERSION = 1;
				DEVELOPMENT_ASSET_PATHS = "\"Charts Demo 4/Preview Content\"";
				DEVELOPMENT_TEAM = N5LSX666G9;
				ENABLE_HARDENED_RUNTIME = YES;
				ENABLE_PREVIEWS = YES;
				GENERATE_INFOPLIST_FILE = YES;
				"INFOPLIST_KEY_UIApplicationSceneManifest_Generation[sdk=iphoneos*]" = YES;
				"INFOPLIST_KEY_UIApplicationSceneManifest_Generation[sdk=iphonesimulator*]" = YES;
				"INFOPLIST_KEY_UIApplicationSupportsIndirectInputEvents[sdk=iphoneos*]" = YES;
				"INFOPLIST_KEY_UIApplicationSupportsIndirectInputEvents[sdk=iphonesimulator*]" = YES;
				"INFOPLIST_KEY_UILaunchScreen_Generation[sdk=iphoneos*]" = YES;
				"INFOPLIST_KEY_UILaunchScreen_Generation[sdk=iphonesimulator*]" = YES;
				"INFOPLIST_KEY_UIStatusBarStyle[sdk=iphoneos*]" = UIStatusBarStyleDefault;
				"INFOPLIST_KEY_UIStatusBarStyle[sdk=iphonesimulator*]" = UIStatusBarStyleDefault;
				INFOPLIST_KEY_UISupportedInterfaceOrientations = "UIInterfaceOrientationLandscapeLeft UIInterfaceOrientationLandscapeRight";
				INFOPLIST_KEY_UISupportedInterfaceOrientations_iPad = "UIInterfaceOrientationLandscapeLeft UIInterfaceOrientationLandscapeRight UIInterfaceOrientationPortrait UIInterfaceOrientationPortraitUpsideDown";
				IPHONEOS_DEPLOYMENT_TARGET = 17.5;
				LD_RUNPATH_SEARCH_PATHS = "@executable_path/Frameworks";
				"LD_RUNPATH_SEARCH_PATHS[sdk=macosx*]" = "@executable_path/../Frameworks";
				MACOSX_DEPLOYMENT_TARGET = 14.5;
				MARKETING_VERSION = 1.0;
				PRODUCT_BUNDLE_IDENTIFIER = "com.michealknych.Charts-Demo-4";
				PRODUCT_NAME = "$(TARGET_NAME)";
				SDKROOT = auto;
				SUPPORTED_PLATFORMS = "iphoneos iphonesimulator macosx";
				SWIFT_EMIT_LOC_STRINGS = YES;
				SWIFT_VERSION = 5.0;
				TARGETED_DEVICE_FAMILY = "1,2";
			};
			name = Release;
		};
/* End XCBuildConfiguration section */

/* Begin XCConfigurationList section */
		992007E42C014D4000CD6CC8 /* Build configuration list for PBXProject "Charts Demo 4" */ = {
			isa = XCConfigurationList;
			buildConfigurations = (
				992007F62C014D4100CD6CC8 /* Debug */,
				992007F72C014D4100CD6CC8 /* Release */,
			);
			defaultConfigurationIsVisible = 0;
			defaultConfigurationName = Release;
		};
		992007F82C014D4100CD6CC8 /* Build configuration list for PBXNativeTarget "Charts Demo 4" */ = {
			isa = XCConfigurationList;
			buildConfigurations = (
				992007F92C014D4100CD6CC8 /* Debug */,
				992007FA2C014D4100CD6CC8 /* Release */,
			);
			defaultConfigurationIsVisible = 0;
			defaultConfigurationName = Release;
		};
/* End XCConfigurationList section */
	};
	rootObject = 992007E12C014D4000CD6CC8 /* Project object */;
}
